// !$*UTF8*$!
{
	archiveVersion = 1;
	classes = {
	};
	objectVersion = 56;
	objects = {

/* Begin PBXBuildFile section */
		3465C6E628FE0C2800A98BA9 /* AppDelegate.m in Sources */ = {isa = PBXBuildFile; fileRef = 3465C6E528FE0C2800A98BA9 /* AppDelegate.m */; };
		3465C6E928FE0C2800A98BA9 /* SceneDelegate.m in Sources */ = {isa = PBXBuildFile; fileRef = 3465C6E828FE0C2800A98BA9 /* SceneDelegate.m */; };
		3465C6EC28FE0C2800A98BA9 /* ViewController.m in Sources */ = {isa = PBXBuildFile; fileRef = 3465C6EB28FE0C2800A98BA9 /* ViewController.m */; };
		3465C6EF28FE0C2800A98BA9 /* Main.storyboard in Resources */ = {isa = PBXBuildFile; fileRef = 3465C6ED28FE0C2800A98BA9 /* Main.storyboard */; };
		3465C6F128FE0C2A00A98BA9 /* Assets.xcassets in Resources */ = {isa = PBXBuildFile; fileRef = 3465C6F028FE0C2A00A98BA9 /* Assets.xcassets */; };
		3465C6F428FE0C2A00A98BA9 /* LaunchScreen.storyboard in Resources */ = {isa = PBXBuildFile; fileRef = 3465C6F228FE0C2A00A98BA9 /* LaunchScreen.storyboard */; };
		3465C6F728FE0C2A00A98BA9 /* main.m in Sources */ = {isa = PBXBuildFile; fileRef = 3465C6F628FE0C2A00A98BA9 /* main.m */; };
/* End PBXBuildFile section */

/* Begin PBXFileReference section */
		3465C6E128FE0C2800A98BA9 /* TestingLaunchScreen.app */ = {isa = PBXFileReference; explicitFileType = wrapper.application; includeInIndex = 0; path = TestingLaunchScreen.app; sourceTree = BUILT_PRODUCTS_DIR; };
		3465C6E428FE0C2800A98BA9 /* AppDelegate.h */ = {isa = PBXFileReference; lastKnownFileType = sourcecode.c.h; path = AppDelegate.h; sourceTree = "<group>"; };
		3465C6E528FE0C2800A98BA9 /* AppDelegate.m */ = {isa = PBXFileReference; lastKnownFileType = sourcecode.c.objc; path = AppDelegate.m; sourceTree = "<group>"; };
		3465C6E728FE0C2800A98BA9 /* SceneDelegate.h */ = {isa = PBXFileReference; lastKnownFileType = sourcecode.c.h; path = SceneDelegate.h; sourceTree = "<group>"; };
		3465C6E828FE0C2800A98BA9 /* SceneDelegate.m */ = {isa = PBXFileReference; lastKnownFileType = sourcecode.c.objc; path = SceneDelegate.m; sourceTree = "<group>"; };
		3465C6EA28FE0C2800A98BA9 /* ViewController.h */ = {isa = PBXFileReference; lastKnownFileType = sourcecode.c.h; path = ViewController.h; sourceTree = "<group>"; };
		3465C6EB28FE0C2800A98BA9 /* ViewController.m */ = {isa = PBXFileReference; lastKnownFileType = sourcecode.c.objc; path = ViewController.m; sourceTree = "<group>"; };
		3465C6EE28FE0C2800A98BA9 /* Base */ = {isa = PBXFileReference; lastKnownFileType = file.storyboard; name = Base; path = Base.lproj/Main.storyboard; sourceTree = "<group>"; };
		3465C6F028FE0C2A00A98BA9 /* Assets.xcassets */ = {isa = PBXFileReference; lastKnownFileType = folder.assetcatalog; path = Assets.xcassets; sourceTree = "<group>"; };
		3465C6F328FE0C2A00A98BA9 /* Base */ = {isa = PBXFileReference; lastKnownFileType = file.storyboard; name = Base; path = Base.lproj/LaunchScreen.storyboard; sourceTree = "<group>"; };
		3465C6F528FE0C2A00A98BA9 /* Info.plist */ = {isa = PBXFileReference; lastKnownFileType = text.plist.xml; path = Info.plist; sourceTree = "<group>"; };
		3465C6F628FE0C2A00A98BA9 /* main.m */ = {isa = PBXFileReference; lastKnownFileType = sourcecode.c.objc; path = main.m; sourceTree = "<group>"; };
/* End PBXFileReference section */

/* Begin PBXFrameworksBuildPhase section */
		3465C6DE28FE0C2800A98BA9 /* Frameworks */ = {
			isa = PBXFrameworksBuildPhase;
			buildActionMask = 2147483647;
			files = (
			);
			runOnlyForDeploymentPostprocessing = 0;
		};
/* End PBXFrameworksBuildPhase section */

/* Begin PBXGroup section */
		3465C6D828FE0C2800A98BA9 = {
			isa = PBXGroup;
			children = (
				3465C6E328FE0C2800A98BA9 /* TestingLaunchScreen */,
				3465C6E228FE0C2800A98BA9 /* Products */,
			);
			sourceTree = "<group>";
		};
		3465C6E228FE0C2800A98BA9 /* Products */ = {
			isa = PBXGroup;
			children = (
				3465C6E128FE0C2800A98BA9 /* TestingLaunchScreen.app */,
			);
			name = Products;
			sourceTree = "<group>";
		};
		3465C6E328FE0C2800A98BA9 /* TestingLaunchScreen */ = {
			isa = PBXGroup;
			children = (
				3465C6E428FE0C2800A98BA9 /* AppDelegate.h */,
				3465C6E528FE0C2800A98BA9 /* AppDelegate.m */,
				3465C6E728FE0C2800A98BA9 /* SceneDelegate.h */,
				3465C6E828FE0C2800A98BA9 /* SceneDelegate.m */,
				3465C6EA28FE0C2800A98BA9 /* ViewController.h */,
				3465C6EB28FE0C2800A98BA9 /* ViewController.m */,
				3465C6ED28FE0C2800A98BA9 /* Main.storyboard */,
				3465C6F028FE0C2A00A98BA9 /* Assets.xcassets */,
				3465C6F228FE0C2A00A98BA9 /* LaunchScreen.storyboard */,
				3465C6F528FE0C2A00A98BA9 /* Info.plist */,
				3465C6F628FE0C2A00A98BA9 /* main.m */,
			);
			path = TestingLaunchScreen;
			sourceTree = "<group>";
		};
/* End PBXGroup section */

/* Begin PBXNativeTarget section */
		3465C6E028FE0C2800A98BA9 /* TestingLaunchScreen */ = {
			isa = PBXNativeTarget;
			buildConfigurationList = 3465C6FA28FE0C2A00A98BA9 /* Build configuration list for PBXNativeTarget "TestingLaunchScreen" */;
			buildPhases = (
				3465C6DD28FE0C2800A98BA9 /* Sources */,
				3465C6DE28FE0C2800A98BA9 /* Frameworks */,
				3465C6DF28FE0C2800A98BA9 /* Resources */,
			);
			buildRules = (
			);
			dependencies = (
			);
			name = TestingLaunchScreen;
			productName = TestingLaunchScreen;
			productReference = 3465C6E128FE0C2800A98BA9 /* TestingLaunchScreen.app */;
			productType = "com.apple.product-type.application";
		};
/* End PBXNativeTarget section */

/* Begin PBXProject section */
		3465C6D928FE0C2800A98BA9 /* Project object */ = {
			isa = PBXProject;
			attributes = {
				BuildIndependentTargetsInParallel = 1;
				LastUpgradeCheck = 1400;
				TargetAttributes = {
					3465C6E028FE0C2800A98BA9 = {
						CreatedOnToolsVersion = 14.0.1;
					};
				};
			};
			buildConfigurationList = 3465C6DC28FE0C2800A98BA9 /* Build configuration list for PBXProject "TestingLaunchScreen" */;
			compatibilityVersion = "Xcode 14.0";
			developmentRegion = en;
			hasScannedForEncodings = 0;
			knownRegions = (
				en,
				Base,
			);
			mainGroup = 3465C6D828FE0C2800A98BA9;
			productRefGroup = 3465C6E228FE0C2800A98BA9 /* Products */;
			projectDirPath = "";
			projectRoot = "";
			targets = (
				3465C6E028FE0C2800A98BA9 /* TestingLaunchScreen */,
			);
		};
/* End PBXProject section */

/* Begin PBXResourcesBuildPhase section */
		3465C6DF28FE0C2800A98BA9 /* Resources */ = {
			isa = PBXResourcesBuildPhase;
			buildActionMask = 2147483647;
			files = (
				3465C6F428FE0C2A00A98BA9 /* LaunchScreen.storyboard in Resources */,
				3465C6F128FE0C2A00A98BA9 /* Assets.xcassets in Resources */,
				3465C6EF28FE0C2800A98BA9 /* Main.storyboard in Resources */,
			);
			runOnlyForDeploymentPostprocessing = 0;
		};
/* End PBXResourcesBuildPhase section */

/* Begin PBXSourcesBuildPhase section */
		3465C6DD28FE0C2800A98BA9 /* Sources */ = {
			isa = PBXSourcesBuildPhase;
			buildActionMask = 2147483647;
			files = (
				3465C6EC28FE0C2800A98BA9 /* ViewController.m in Sources */,
				3465C6E628FE0C2800A98BA9 /* AppDelegate.m in Sources */,
				3465C6F728FE0C2A00A98BA9 /* main.m in Sources */,
				3465C6E928FE0C2800A98BA9 /* SceneDelegate.m in Sources */,
			);
			runOnlyForDeploymentPostprocessing = 0;
		};
/* End PBXSourcesBuildPhase section */

/* Begin PBXVariantGroup section */
		3465C6ED28FE0C2800A98BA9 /* Main.storyboard */ = {
			isa = PBXVariantGroup;
			children = (
				3465C6EE28FE0C2800A98BA9 /* Base */,
			);
			name = Main.storyboard;
			sourceTree = "<group>";
		};
		3465C6F228FE0C2A00A98BA9 /* LaunchScreen.storyboard */ = {
			isa = PBXVariantGroup;
			children = (
				3465C6F328FE0C2A00A98BA9 /* Base */,
			);
			name = LaunchScreen.storyboard;
			sourceTree = "<group>";
		};
/* End PBXVariantGroup section */

/* Begin XCBuildConfiguration section */
		3465C6F828FE0C2A00A98BA9 /* Debug */ = {
			isa = XCBuildConfiguration;
			buildSettings = {
				ALWAYS_SEARCH_USER_PATHS = NO;
				CLANG_ANALYZER_NONNULL = YES;
				CLANG_ANALYZER_NUMBER_OBJECT_CONVERSION = YES_AGGRESSIVE;
				CLANG_CXX_LANGUAGE_STANDARD = "gnu++20";
				CLANG_ENABLE_MODULES = YES;
				CLANG_ENABLE_OBJC_ARC = YES;
				CLANG_ENABLE_OBJC_WEAK = YES;
				CLANG_WARN_BLOCK_CAPTURE_AUTORELEASING = YES;
				CLANG_WARN_BOOL_CONVERSION = YES;
				CLANG_WARN_COMMA = YES;
				CLANG_WARN_CONSTANT_CONVERSION = YES;
				CLANG_WARN_DEPRECATED_OBJC_IMPLEMENTATIONS = YES;
				CLANG_WARN_DIRECT_OBJC_ISA_USAGE = YES_ERROR;
				CLANG_WARN_DOCUMENTATION_COMMENTS = YES;
				CLANG_WARN_EMPTY_BODY = YES;
				CLANG_WARN_ENUM_CONVERSION = YES;
				CLANG_WARN_INFINITE_RECURSION = YES;
				CLANG_WARN_INT_CONVERSION = YES;
				CLANG_WARN_NON_LITERAL_NULL_CONVERSION = YES;
				CLANG_WARN_OBJC_IMPLICIT_RETAIN_SELF = YES;
				CLANG_WARN_OBJC_LITERAL_CONVERSION = YES;
				CLANG_WARN_OBJC_ROOT_CLASS = YES_ERROR;
				CLANG_WARN_QUOTED_INCLUDE_IN_FRAMEWORK_HEADER = YES;
				CLANG_WARN_RANGE_LOOP_ANALYSIS = YES;
				CLANG_WARN_STRICT_PROTOTYPES = YES;
				CLANG_WARN_SUSPICIOUS_MOVE = YES;
				CLANG_WARN_UNGUARDED_AVAILABILITY = YES_AGGRESSIVE;
				CLANG_WARN_UNREACHABLE_CODE = YES;
				CLANG_WARN__DUPLICATE_METHOD_MATCH = YES;
				COPY_PHASE_STRIP = NO;
				DEBUG_INFORMATION_FORMAT = dwarf;
				ENABLE_STRICT_OBJC_MSGSEND = YES;
				ENABLE_TESTABILITY = YES;
				GCC_C_LANGUAGE_STANDARD = gnu11;
				GCC_DYNAMIC_NO_PIC = NO;
				GCC_NO_COMMON_BLOCKS = YES;
				GCC_OPTIMIZATION_LEVEL = 0;
				GCC_PREPROCESSOR_DEFINITIONS = (
					"DEBUG=1",
					"$(inherited)",
				);
				GCC_WARN_64_TO_32_BIT_CONVERSION = YES;
				GCC_WARN_ABOUT_RETURN_TYPE = YES_ERROR;
				GCC_WARN_UNDECLARED_SELECTOR = YES;
				GCC_WARN_UNINITIALIZED_AUTOS = YES_AGGRESSIVE;
				GCC_WARN_UNUSED_FUNCTION = YES;
				GCC_WARN_UNUSED_VARIABLE = YES;
				IPHONEOS_DEPLOYMENT_TARGET = 16.0;
				MTL_ENABLE_DEBUG_INFO = INCLUDE_SOURCE;
				MTL_FAST_MATH = YES;
				ONLY_ACTIVE_ARCH = YES;
				SDKROOT = iphoneos;
			};
			name = Debug;
		};
		3465C6F928FE0C2A00A98BA9 /* Release */ = {
			isa = XCBuildConfiguration;
			buildSettings = {
				ALWAYS_SEARCH_USER_PATHS = NO;
				CLANG_ANALYZER_NONNULL = YES;
				CLANG_ANALYZER_NUMBER_OBJECT_CONVERSION = YES_AGGRESSIVE;
				CLANG_CXX_LANGUAGE_STANDARD = "gnu++20";
				CLANG_ENABLE_MODULES = YES;
				CLANG_ENABLE_OBJC_ARC = YES;
				CLANG_ENABLE_OBJC_WEAK = YES;
				CLANG_WARN_BLOCK_CAPTURE_AUTORELEASING = YES;
				CLANG_WARN_BOOL_CONVERSION = YES;
				CLANG_WARN_COMMA = YES;
				CLANG_WARN_CONSTANT_CONVERSION = YES;
				CLANG_WARN_DEPRECATED_OBJC_IMPLEMENTATIONS = YES;
				CLANG_WARN_DIRECT_OBJC_ISA_USAGE = YES_ERROR;
				CLANG_WARN_DOCUMENTATION_COMMENTS = YES;
				CLANG_WARN_EMPTY_BODY = YES;
				CLANG_WARN_ENUM_CONVERSION = YES;
				CLANG_WARN_INFINITE_RECURSION = YES;
				CLANG_WARN_INT_CONVERSION = YES;
				CLANG_WARN_NON_LITERAL_NULL_CONVERSION = YES;
				CLANG_WARN_OBJC_IMPLICIT_RETAIN_SELF = YES;
				CLANG_WARN_OBJC_LITERAL_CONVERSION = YES;
				CLANG_WARN_OBJC_ROOT_CLASS = YES_ERROR;
				CLANG_WARN_QUOTED_INCLUDE_IN_FRAMEWORK_HEADER = YES;
				CLANG_WARN_RANGE_LOOP_ANALYSIS = YES;
				CLANG_WARN_STRICT_PROTOTYPES = YES;
				CLANG_WARN_SUSPICIOUS_MOVE = YES;
				CLANG_WARN_UNGUARDED_AVAILABILITY = YES_AGGRESSIVE;
				CLANG_WARN_UNREACHABLE_CODE = YES;
				CLANG_WARN__DUPLICATE_METHOD_MATCH = YES;
				COPY_PHASE_STRIP = NO;
				DEBUG_INFORMATION_FORMAT = "dwarf-with-dsym";
				ENABLE_NS_ASSERTIONS = NO;
				ENABLE_STRICT_OBJC_MSGSEND = YES;
				GCC_C_LANGUAGE_STANDARD = gnu11;
				GCC_NO_COMMON_BLOCKS = YES;
				GCC_WARN_64_TO_32_BIT_CONVERSION = YES;
				GCC_WARN_ABOUT_RETURN_TYPE = YES_ERROR;
				GCC_WARN_UNDECLARED_SELECTOR = YES;
				GCC_WARN_UNINITIALIZED_AUTOS = YES_AGGRESSIVE;
				GCC_WARN_UNUSED_FUNCTION = YES;
				GCC_WARN_UNUSED_VARIABLE = YES;
				IPHONEOS_DEPLOYMENT_TARGET = 16.0;
				MTL_ENABLE_DEBUG_INFO = NO;
				MTL_FAST_MATH = YES;
				SDKROOT = iphoneos;
				VALIDATE_PRODUCT = YES;
			};
			name = Release;
		};
		3465C6FB28FE0C2A00A98BA9 /* Debug */ = {
			isa = XCBuildConfiguration;
			buildSettings = {
				ASSETCATALOG_COMPILER_APPICON_NAME = AppIcon;
				ASSETCATALOG_COMPILER_GLOBAL_ACCENT_COLOR_NAME = AccentColor;
				CODE_SIGN_STYLE = Automatic;
				CURRENT_PROJECT_VERSION = 1;
				DEVELOPMENT_TEAM = 42GDTGK33W;
				GENERATE_INFOPLIST_FILE = YES;
				INFOPLIST_FILE = TestingLaunchScreen/Info.plist;
				INFOPLIST_KEY_UIApplicationSupportsIndirectInputEvents = YES;
				INFOPLIST_KEY_UILaunchStoryboardName = LaunchScreen;
				INFOPLIST_KEY_UIMainStoryboardFile = Main;
				INFOPLIST_KEY_UISupportedInterfaceOrientations_iPad = "UIInterfaceOrientationPortrait UIInterfaceOrientationPortraitUpsideDown UIInterfaceOrientationLandscapeLeft UIInterfaceOrientationLandscapeRight";
				INFOPLIST_KEY_UISupportedInterfaceOrientations_iPhone = "UIInterfaceOrientationPortrait UIInterfaceOrientationLandscapeLeft UIInterfaceOrientationLandscapeRight";
				LD_RUNPATH_SEARCH_PATHS = (
					"$(inherited)",
					"@executable_path/Frameworks",
				);
				MARKETING_VERSION = 1.0;
				PRODUCT_BUNDLE_IDENTIFIER = com.example.TestingLaunchScreen;
				PRODUCT_NAME = "$(TARGET_NAME)";
				SWIFT_EMIT_LOC_STRINGS = YES;
				TARGETED_DEVICE_FAMILY = "1,2";
			};
			name = Debug;
		};
		3465C6FC28FE0C2A00A98BA9 /* Release */ = {
			isa = XCBuildConfiguration;
			buildSettings = {
				ASSETCATALOG_COMPILER_APPICON_NAME = AppIcon;
				ASSETCATALOG_COMPILER_GLOBAL_ACCENT_COLOR_NAME = AccentColor;
				CODE_SIGN_STYLE = Automatic;
				CURRENT_PROJECT_VERSION = 1;
				DEVELOPMENT_TEAM = 42GDTGK33W;
				GENERATE_INFOPLIST_FILE = YES;
				INFOPLIST_FILE = TestingLaunchScreen/Info.plist;
				INFOPLIST_KEY_UIApplicationSupportsIndirectInputEvents = YES;
				INFOPLIST_KEY_UILaunchStoryboardName = LaunchScreen;
				INFOPLIST_KEY_UIMainStoryboardFile = Main;
				INFOPLIST_KEY_UISupportedInterfaceOrientations_iPad = "UIInterfaceOrientationPortrait UIInterfaceOrientationPortraitUpsideDown UIInterfaceOrientationLandscapeLeft UIInterfaceOrientationLandscapeRight";
				INFOPLIST_KEY_UISupportedInterfaceOrientations_iPhone = "UIInterfaceOrientationPortrait UIInterfaceOrientationLandscapeLeft UIInterfaceOrientationLandscapeRight";
				LD_RUNPATH_SEARCH_PATHS = (
					"$(inherited)",
					"@executable_path/Frameworks",
				);
				MARKETING_VERSION = 1.0;
				PRODUCT_BUNDLE_IDENTIFIER = com.example.TestingLaunchScreen;
				PRODUCT_NAME = "$(TARGET_NAME)";
				SWIFT_EMIT_LOC_STRINGS = YES;
				TARGETED_DEVICE_FAMILY = "1,2";
			};
			name = Release;
		};
/* End XCBuildConfiguration section */

/* Begin XCConfigurationList section */
		3465C6DC28FE0C2800A98BA9 /* Build configuration list for PBXProject "TestingLaunchScreen" */ = {
			isa = XCConfigurationList;
			buildConfigurations = (
				3465C6F828FE0C2A00A98BA9 /* Debug */,
				3465C6F928FE0C2A00A98BA9 /* Release */,
			);
			defaultConfigurationIsVisible = 0;
			defaultConfigurationName = Release;
		};
		3465C6FA28FE0C2A00A98BA9 /* Build configuration list for PBXNativeTarget "TestingLaunchScreen" */ = {
			isa = XCConfigurationList;
			buildConfigurations = (
				3465C6FB28FE0C2A00A98BA9 /* Debug */,
				3465C6FC28FE0C2A00A98BA9 /* Release */,
			);
			defaultConfigurationIsVisible = 0;
			defaultConfigurationName = Release;
		};
/* End XCConfigurationList section */
	};
	rootObject = 3465C6D928FE0C2800A98BA9 /* Project object */;
}
